{
  "name": "trabalho_vf",
  "version": "1.0.0",
  "type": "module",
  "scripts": {
    "lint": "eslint .",
    "test": "npm run test:unit",
    "test:unit": "mocha test/servicoPagamento.test.js --reporter mochawesome --reporter-options reportDir=mochawesome-report,overwrite=true,html=true,json=true",
    "e2e": "mocha test/servicoPagamento.test.js --reporter mochawesome --reporter-options reportDir=mochawesome-report,overwrite=true,html=true,json=true"
  },
  "dependencies": {
    "mocha": "^11.7.6"
  },
  "devDependencies": {
    "mochawesome": "^7.1.3"
  }
}